
Microsoft Visual Studio Solution File, Format Version 12.00
# Visual Studio Version 17
VisualStudioVersion = 17.10.35013.160
MinimumVisualStudioVersion = 10.0.40219.1
Project("{9A19103F-16F7-4668-BE54-9A1E7A4F7556}") = "AhabAI.SonarQube.Ollama.Fixer", "AhabAI-SonarQube-Ollama-Fixer\AhabAI.SonarQube.Ollama.Fixer.csproj", "{6FAD04F2-55E1-4C35-A330-1CB674706681}"
EndProject
Global
	GlobalSection(SolutionConfigurationPlatforms) = preSolution
		Debug|Any CPU = Debug|Any CPU
		Release|Any CPU = Release|Any CPU
	EndGlobalSection
	GlobalSection(ProjectConfigurationPlatforms) = postSolution
		{6FAD04F2-55E1-4C35-A330-1CB674706681}.Debug|Any CPU.ActiveCfg = Debug|Any CPU
		{6FAD04F2-55E1-4C35-A330-1CB674706681}.Debug|Any CPU.Build.0 = Debug|Any CPU
		{6FAD04F2-55E1-4C35-A330-1CB674706681}.Release|Any CPU.ActiveCfg = Release|Any CPU
		{6FAD04F2-55E1-4C35-A330-1CB674706681}.Release|Any CPU.Build.0 = Release|Any CPU
	EndGlobalSection
	GlobalSection(SolutionProperties) = preSolution
		HideSolutionNode = FALSE
	EndGlobalSection
	GlobalSection(ExtensibilityGlobals) = postSolution
		SolutionGuid = {12F2F12F-5475-40FC-B11E-3351EC7BA1FD}
	EndGlobalSection
EndGlobal
